
Microsoft Visual Studio Solution File, Format Version 12.00
# Visual Studio 15
VisualStudioVersion = 15.0.28307.572
MinimumVisualStudioVersion = 10.0.40219.1
Project("{FAE04EC0-301F-11D3-BF4B-00C04F79EFBC}") = "OSproj", "OSproj\OSproj.csproj", "{B8CE68F0-0F33-4FFF-961D-06B556616E6F}"
EndProject
Global
	GlobalSection(SolutionConfigurationPlatforms) = preSolution
		Debug|Any CPU = Debug|Any CPU
		Release|Any CPU = Release|Any CPU
	EndGlobalSection
	GlobalSection(ProjectConfigurationPlatforms) = postSolution
		{B8CE68F0-0F33-4FFF-961D-06B556616E6F}.Debug|Any CPU.ActiveCfg = Debug|Any CPU
		{B8CE68F0-0F33-4FFF-961D-06B556616E6F}.Debug|Any CPU.Build.0 = Debug|Any CPU
		{B8CE68F0-0F33-4FFF-961D-06B556616E6F}.Release|Any CPU.ActiveCfg = Release|Any CPU
		{B8CE68F0-0F33-4FFF-961D-06B556616E6F}.Release|Any CPU.Build.0 = Release|Any CPU
	EndGlobalSection
	GlobalSection(SolutionProperties) = preSolution
		HideSolutionNode = FALSE
	EndGlobalSection
	GlobalSection(ExtensibilityGlobals) = postSolution
		SolutionGuid = {5757F2E4-3E6B-4F74-8F4C-64C3F5D38A08}
	EndGlobalSection
EndGlobal
